// !$*UTF8*$!
{
	archiveVersion = 1;
	classes = {
	};
	objectVersion = 56;
	objects = {

/* Begin PBXBuildFile section */
		F043EC492B22E71000898F0D /* CryptoApp.swift in Sources */ = {isa = PBXBuildFile; fileRef = F043EC482B22E71000898F0D /* CryptoApp.swift */; };
		F043EC4B2B22E71000898F0D /* ContentView.swift in Sources */ = {isa = PBXBuildFile; fileRef = F043EC4A2B22E71000898F0D /* ContentView.swift */; };
		F043EC502B22E71200898F0D /* Preview Assets.xcassets in Resources */ = {isa = PBXBuildFile; fileRef = F043EC4F2B22E71200898F0D /* Preview Assets.xcassets */; };
		F043EC572B22E80D00898F0D /* Assets.xcassets in Resources */ = {isa = PBXBuildFile; fileRef = F043EC562B22E80D00898F0D /* Assets.xcassets */; };
		F043EC5E2B22EC3800898F0D /* HomeView.swift in Sources */ = {isa = PBXBuildFile; fileRef = F043EC5D2B22EC3800898F0D /* HomeView.swift */; };
		F043EC602B22EC6100898F0D /* CircleButtonView.swift in Sources */ = {isa = PBXBuildFile; fileRef = F043EC5F2B22EC6100898F0D /* CircleButtonView.swift */; };
		F043EC622B22F05A00898F0D /* CircleButtonAnimationView.swift in Sources */ = {isa = PBXBuildFile; fileRef = F043EC612B22F05A00898F0D /* CircleButtonAnimationView.swift */; };
		F043EC652B22F36800898F0D /* CoinModel.swift in Sources */ = {isa = PBXBuildFile; fileRef = F043EC642B22F36800898F0D /* CoinModel.swift */; };
		F043EC682B22F64B00898F0D /* Double.swift in Sources */ = {isa = PBXBuildFile; fileRef = F043EC672B22F64B00898F0D /* Double.swift */; };
		F043EC6C2B22F66500898F0D /* CoinRowView.swift in Sources */ = {isa = PBXBuildFile; fileRef = F043EC6B2B22F66500898F0D /* CoinRowView.swift */; };
		F043EC6E2B22FEB600898F0D /* HomeViewModel.swift in Sources */ = {isa = PBXBuildFile; fileRef = F043EC6D2B22FEB600898F0D /* HomeViewModel.swift */; };
		F043EC732B230BBC00898F0D /* CoinService.swift in Sources */ = {isa = PBXBuildFile; fileRef = F043EC722B230BBC00898F0D /* CoinService.swift */; };
		F043EC7E2B23364600898F0D /* SearchBarView.swift in Sources */ = {isa = PBXBuildFile; fileRef = F043EC7D2B23364600898F0D /* SearchBarView.swift */; };
		F043EC802B23391C00898F0D /* Application.swift in Sources */ = {isa = PBXBuildFile; fileRef = F043EC7F2B23391C00898F0D /* Application.swift */; };
/* End PBXBuildFile section */

/* Begin PBXFileReference section */
		F043EC452B22E71000898F0D /* Crypto.app */ = {isa = PBXFileReference; explicitFileType = wrapper.application; includeInIndex = 0; path = Crypto.app; sourceTree = BUILT_PRODUCTS_DIR; };
		F043EC482B22E71000898F0D /* CryptoApp.swift */ = {isa = PBXFileReference; lastKnownFileType = sourcecode.swift; path = CryptoApp.swift; sourceTree = "<group>"; };
		F043EC4A2B22E71000898F0D /* ContentView.swift */ = {isa = PBXFileReference; lastKnownFileType = sourcecode.swift; path = ContentView.swift; sourceTree = "<group>"; };
		F043EC4F2B22E71200898F0D /* Preview Assets.xcassets */ = {isa = PBXFileReference; lastKnownFileType = folder.assetcatalog; path = "Preview Assets.xcassets"; sourceTree = "<group>"; };
		F043EC562B22E80D00898F0D /* Assets.xcassets */ = {isa = PBXFileReference; lastKnownFileType = folder.assetcatalog; name = Assets.xcassets; path = ../../Resources/Assets.xcassets; sourceTree = "<group>"; };
		F043EC5D2B22EC3800898F0D /* HomeView.swift */ = {isa = PBXFileReference; lastKnownFileType = sourcecode.swift; path = HomeView.swift; sourceTree = "<group>"; };
		F043EC5F2B22EC6100898F0D /* CircleButtonView.swift */ = {isa = PBXFileReference; lastKnownFileType = sourcecode.swift; path = CircleButtonView.swift; sourceTree = "<group>"; };
		F043EC612B22F05A00898F0D /* CircleButtonAnimationView.swift */ = {isa = PBXFileReference; lastKnownFileType = sourcecode.swift; path = CircleButtonAnimationView.swift; sourceTree = "<group>"; };
		F043EC642B22F36800898F0D /* CoinModel.swift */ = {isa = PBXFileReference; lastKnownFileType = sourcecode.swift; path = CoinModel.swift; sourceTree = "<group>"; };
		F043EC672B22F64B00898F0D /* Double.swift */ = {isa = PBXFileReference; lastKnownFileType = sourcecode.swift; path = Double.swift; sourceTree = "<group>"; };
		F043EC6B2B22F66500898F0D /* CoinRowView.swift */ = {isa = PBXFileReference; lastKnownFileType = sourcecode.swift; path = CoinRowView.swift; sourceTree = "<group>"; };
		F043EC6D2B22FEB600898F0D /* HomeViewModel.swift */ = {isa = PBXFileReference; lastKnownFileType = sourcecode.swift; path = HomeViewModel.swift; sourceTree = "<group>"; };
		F043EC722B230BBC00898F0D /* CoinService.swift */ = {isa = PBXFileReference; lastKnownFileType = sourcecode.swift; path = CoinService.swift; sourceTree = "<group>"; };
		F043EC7D2B23364600898F0D /* SearchBarView.swift */ = {isa = PBXFileReference; lastKnownFileType = sourcecode.swift; path = SearchBarView.swift; sourceTree = "<group>"; };
		F043EC7F2B23391C00898F0D /* Application.swift */ = {isa = PBXFileReference; lastKnownFileType = sourcecode.swift; path = Application.swift; sourceTree = "<group>"; };
/* End PBXFileReference section */

/* Begin PBXFrameworksBuildPhase section */
		F043EC422B22E71000898F0D /* Frameworks */ = {
			isa = PBXFrameworksBuildPhase;
			buildActionMask = 2147483647;
			files = (
			);
			runOnlyForDeploymentPostprocessing = 0;
		};
/* End PBXFrameworksBuildPhase section */

/* Begin PBXGroup section */
		F043EC3C2B22E71000898F0D = {
			isa = PBXGroup;
			children = (
				F043EC472B22E71000898F0D /* Crypto */,
				F043EC462B22E71000898F0D /* Products */,
			);
			sourceTree = "<group>";
		};
		F043EC462B22E71000898F0D /* Products */ = {
			isa = PBXGroup;
			children = (
				F043EC452B22E71000898F0D /* Crypto.app */,
			);
			name = Products;
			sourceTree = "<group>";
		};
		F043EC472B22E71000898F0D /* Crypto */ = {
			isa = PBXGroup;
			children = (
				F043EC712B230BB300898F0D /* Service */,
				F043EC582B22EC0500898F0D /* Core */,
				F043EC662B22F62A00898F0D /* Extensions */,
				F043EC482B22E71000898F0D /* CryptoApp.swift */,
				F043EC4A2B22E71000898F0D /* ContentView.swift */,
				F043EC562B22E80D00898F0D /* Assets.xcassets */,
				F043EC4E2B22E71200898F0D /* Preview Content */,
			);
			path = Crypto;
			sourceTree = "<group>";
		};
		F043EC4E2B22E71200898F0D /* Preview Content */ = {
			isa = PBXGroup;
			children = (
				F043EC4F2B22E71200898F0D /* Preview Assets.xcassets */,
			);
			path = "Preview Content";
			sourceTree = "<group>";
		};
		F043EC582B22EC0500898F0D /* Core */ = {
			isa = PBXGroup;
			children = (
				F043EC632B22F2CC00898F0D /* Models */,
				F043EC5C2B22EC2B00898F0D /* Components */,
				F043EC5B2B22EC1D00898F0D /* Home */,
			);
			path = Core;
			sourceTree = "<group>";
		};
		F043EC592B22EC0800898F0D /* Views */ = {
			isa = PBXGroup;
			children = (
				F043EC5D2B22EC3800898F0D /* HomeView.swift */,
				F043EC6B2B22F66500898F0D /* CoinRowView.swift */,
			);
			path = Views;
			sourceTree = "<group>";
		};
		F043EC5A2B22EC0E00898F0D /* ViewModels */ = {
			isa = PBXGroup;
			children = (
				F043EC6D2B22FEB600898F0D /* HomeViewModel.swift */,
			);
			path = ViewModels;
			sourceTree = "<group>";
		};
		F043EC5B2B22EC1D00898F0D /* Home */ = {
			isa = PBXGroup;
			children = (
				F043EC592B22EC0800898F0D /* Views */,
				F043EC5A2B22EC0E00898F0D /* ViewModels */,
			);
			path = Home;
			sourceTree = "<group>";
		};
		F043EC5C2B22EC2B00898F0D /* Components */ = {
			isa = PBXGroup;
			children = (
				F043EC752B231E5E00898F0D /* CircleButton */,
				F043EC7D2B23364600898F0D /* SearchBarView.swift */,
			);
			path = Components;
			sourceTree = "<group>";
		};
		F043EC632B22F2CC00898F0D /* Models */ = {
			isa = PBXGroup;
			children = (
				F043EC642B22F36800898F0D /* CoinModel.swift */,
			);
			path = Models;
			sourceTree = "<group>";
		};
		F043EC662B22F62A00898F0D /* Extensions */ = {
			isa = PBXGroup;
			children = (
				F043EC672B22F64B00898F0D /* Double.swift */,
				F043EC7F2B23391C00898F0D /* Application.swift */,
			);
			path = Extensions;
			sourceTree = "<group>";
		};
		F043EC712B230BB300898F0D /* Service */ = {
			isa = PBXGroup;
			children = (
				F043EC722B230BBC00898F0D /* CoinService.swift */,
			);
			path = Service;
			sourceTree = "<group>";
		};
		F043EC752B231E5E00898F0D /* CircleButton */ = {
			isa = PBXGroup;
			children = (
				F043EC5F2B22EC6100898F0D /* CircleButtonView.swift */,
				F043EC612B22F05A00898F0D /* CircleButtonAnimationView.swift */,
			);
			path = CircleButton;
			sourceTree = "<group>";
		};
/* End PBXGroup section */

/* Begin PBXNativeTarget section */
		F043EC442B22E71000898F0D /* Crypto */ = {
			isa = PBXNativeTarget;
			buildConfigurationList = F043EC532B22E71200898F0D /* Build configuration list for PBXNativeTarget "Crypto" */;
			buildPhases = (
				F043EC412B22E71000898F0D /* Sources */,
				F043EC422B22E71000898F0D /* Frameworks */,
				F043EC432B22E71000898F0D /* Resources */,
			);
			buildRules = (
			);
			dependencies = (
			);
			name = Crypto;
			productName = Crypto;
			productReference = F043EC452B22E71000898F0D /* Crypto.app */;
			productType = "com.apple.product-type.application";
		};
/* End PBXNativeTarget section */

/* Begin PBXProject section */
		F043EC3D2B22E71000898F0D /* Project object */ = {
			isa = PBXProject;
			attributes = {
				BuildIndependentTargetsInParallel = 1;
				LastSwiftUpdateCheck = 1500;
				LastUpgradeCheck = 1500;
				TargetAttributes = {
					F043EC442B22E71000898F0D = {
						CreatedOnToolsVersion = 15.0;
					};
				};
			};
			buildConfigurationList = F043EC402B22E71000898F0D /* Build configuration list for PBXProject "Crypto" */;
			compatibilityVersion = "Xcode 14.0";
			developmentRegion = en;
			hasScannedForEncodings = 0;
			knownRegions = (
				en,
				Base,
			);
			mainGroup = F043EC3C2B22E71000898F0D;
			productRefGroup = F043EC462B22E71000898F0D /* Products */;
			projectDirPath = "";
			projectRoot = "";
			targets = (
				F043EC442B22E71000898F0D /* Crypto */,
			);
		};
/* End PBXProject section */

/* Begin PBXResourcesBuildPhase section */
		F043EC432B22E71000898F0D /* Resources */ = {
			isa = PBXResourcesBuildPhase;
			buildActionMask = 2147483647;
			files = (
				F043EC502B22E71200898F0D /* Preview Assets.xcassets in Resources */,
				F043EC572B22E80D00898F0D /* Assets.xcassets in Resources */,
			);
			runOnlyForDeploymentPostprocessing = 0;
		};
/* End PBXResourcesBuildPhase section */

/* Begin PBXSourcesBuildPhase section */
		F043EC412B22E71000898F0D /* Sources */ = {
			isa = PBXSourcesBuildPhase;
			buildActionMask = 2147483647;
			files = (
				F043EC802B23391C00898F0D /* Application.swift in Sources */,
				F043EC6C2B22F66500898F0D /* CoinRowView.swift in Sources */,
				F043EC6E2B22FEB600898F0D /* HomeViewModel.swift in Sources */,
				F043EC732B230BBC00898F0D /* CoinService.swift in Sources */,
				F043EC5E2B22EC3800898F0D /* HomeView.swift in Sources */,
				F043EC4B2B22E71000898F0D /* ContentView.swift in Sources */,
				F043EC622B22F05A00898F0D /* CircleButtonAnimationView.swift in Sources */,
				F043EC602B22EC6100898F0D /* CircleButtonView.swift in Sources */,
				F043EC7E2B23364600898F0D /* SearchBarView.swift in Sources */,
				F043EC652B22F36800898F0D /* CoinModel.swift in Sources */,
				F043EC492B22E71000898F0D /* CryptoApp.swift in Sources */,
				F043EC682B22F64B00898F0D /* Double.swift in Sources */,
			);
			runOnlyForDeploymentPostprocessing = 0;
		};
/* End PBXSourcesBuildPhase section */

/* Begin XCBuildConfiguration section */
		F043EC512B22E71200898F0D /* Debug */ = {
			isa = XCBuildConfiguration;
			buildSettings = {
				ALWAYS_SEARCH_USER_PATHS = NO;
				ASSETCATALOG_COMPILER_GENERATE_SWIFT_ASSET_SYMBOL_EXTENSIONS = YES;
				CLANG_ANALYZER_NONNULL = YES;
				CLANG_ANALYZER_NUMBER_OBJECT_CONVERSION = YES_AGGRESSIVE;
				CLANG_CXX_LANGUAGE_STANDARD = "gnu++20";
				CLANG_ENABLE_MODULES = YES;
				CLANG_ENABLE_OBJC_ARC = YES;
				CLANG_ENABLE_OBJC_WEAK = YES;
				CLANG_WARN_BLOCK_CAPTURE_AUTORELEASING = YES;
				CLANG_WARN_BOOL_CONVERSION = YES;
				CLANG_WARN_COMMA = YES;
				CLANG_WARN_CONSTANT_CONVERSION = YES;
				CLANG_WARN_DEPRECATED_OBJC_IMPLEMENTATIONS = YES;
				CLANG_WARN_DIRECT_OBJC_ISA_USAGE = YES_ERROR;
				CLANG_WARN_DOCUMENTATION_COMMENTS = YES;
				CLANG_WARN_EMPTY_BODY = YES;
				CLANG_WARN_ENUM_CONVERSION = YES;
				CLANG_WARN_INFINITE_RECURSION = YES;
				CLANG_WARN_INT_CONVERSION = YES;
				CLANG_WARN_NON_LITERAL_NULL_CONVERSION = YES;
				CLANG_WARN_OBJC_IMPLICIT_RETAIN_SELF = YES;
				CLANG_WARN_OBJC_LITERAL_CONVERSION = YES;
				CLANG_WARN_OBJC_ROOT_CLASS = YES_ERROR;
				CLANG_WARN_QUOTED_INCLUDE_IN_FRAMEWORK_HEADER = YES;
				CLANG_WARN_RANGE_LOOP_ANALYSIS = YES;
				CLANG_WARN_STRICT_PROTOTYPES = YES;
				CLANG_WARN_SUSPICIOUS_MOVE = YES;
				CLANG_WARN_UNGUARDED_AVAILABILITY = YES_AGGRESSIVE;
				CLANG_WARN_UNREACHABLE_CODE = YES;
				CLANG_WARN__DUPLICATE_METHOD_MATCH = YES;
				COPY_PHASE_STRIP = NO;
				DEBUG_INFORMATION_FORMAT = dwarf;
				ENABLE_STRICT_OBJC_MSGSEND = YES;
				ENABLE_TESTABILITY = YES;
				ENABLE_USER_SCRIPT_SANDBOXING = YES;
				GCC_C_LANGUAGE_STANDARD = gnu17;
				GCC_DYNAMIC_NO_PIC = NO;
				GCC_NO_COMMON_BLOCKS = YES;
				GCC_OPTIMIZATION_LEVEL = 0;
				GCC_PREPROCESSOR_DEFINITIONS = (
					"DEBUG=1",
					"$(inherited)",
				);
				GCC_WARN_64_TO_32_BIT_CONVERSION = YES;
				GCC_WARN_ABOUT_RETURN_TYPE = YES_ERROR;
				GCC_WARN_UNDECLARED_SELECTOR = YES;
				GCC_WARN_UNINITIALIZED_AUTOS = YES_AGGRESSIVE;
				GCC_WARN_UNUSED_FUNCTION = YES;
				GCC_WARN_UNUSED_VARIABLE = YES;
				IPHONEOS_DEPLOYMENT_TARGET = 17.0;
				LOCALIZATION_PREFERS_STRING_CATALOGS = YES;
				MTL_ENABLE_DEBUG_INFO = INCLUDE_SOURCE;
				MTL_FAST_MATH = YES;
				ONLY_ACTIVE_ARCH = YES;
				SDKROOT = iphoneos;
				SWIFT_ACTIVE_COMPILATION_CONDITIONS = "DEBUG $(inherited)";
				SWIFT_OPTIMIZATION_LEVEL = "-Onone";
			};
			name = Debug;
		};
		F043EC522B22E71200898F0D /* Release */ = {
			isa = XCBuildConfiguration;
			buildSettings = {
				ALWAYS_SEARCH_USER_PATHS = NO;
				ASSETCATALOG_COMPILER_GENERATE_SWIFT_ASSET_SYMBOL_EXTENSIONS = YES;
				CLANG_ANALYZER_NONNULL = YES;
				CLANG_ANALYZER_NUMBER_OBJECT_CONVERSION = YES_AGGRESSIVE;
				CLANG_CXX_LANGUAGE_STANDARD = "gnu++20";
				CLANG_ENABLE_MODULES = YES;
				CLANG_ENABLE_OBJC_ARC = YES;
				CLANG_ENABLE_OBJC_WEAK = YES;
				CLANG_WARN_BLOCK_CAPTURE_AUTORELEASING = YES;
				CLANG_WARN_BOOL_CONVERSION = YES;
				CLANG_WARN_COMMA = YES;
				CLANG_WARN_CONSTANT_CONVERSION = YES;
				CLANG_WARN_DEPRECATED_OBJC_IMPLEMENTATIONS = YES;
				CLANG_WARN_DIRECT_OBJC_ISA_USAGE = YES_ERROR;
				CLANG_WARN_DOCUMENTATION_COMMENTS = YES;
				CLANG_WARN_EMPTY_BODY = YES;
				CLANG_WARN_ENUM_CONVERSION = YES;
				CLANG_WARN_INFINITE_RECURSION = YES;
				CLANG_WARN_INT_CONVERSION = YES;
				CLANG_WARN_NON_LITERAL_NULL_CONVERSION = YES;
				CLANG_WARN_OBJC_IMPLICIT_RETAIN_SELF = YES;
				CLANG_WARN_OBJC_LITERAL_CONVERSION = YES;
				CLANG_WARN_OBJC_ROOT_CLASS = YES_ERROR;
				CLANG_WARN_QUOTED_INCLUDE_IN_FRAMEWORK_HEADER = YES;
				CLANG_WARN_RANGE_LOOP_ANALYSIS = YES;
				CLANG_WARN_STRICT_PROTOTYPES = YES;
				CLANG_WARN_SUSPICIOUS_MOVE = YES;
				CLANG_WARN_UNGUARDED_AVAILABILITY = YES_AGGRESSIVE;
				CLANG_WARN_UNREACHABLE_CODE = YES;
				CLANG_WARN__DUPLICATE_METHOD_MATCH = YES;
				COPY_PHASE_STRIP = NO;
				DEBUG_INFORMATION_FORMAT = "dwarf-with-dsym";
				ENABLE_NS_ASSERTIONS = NO;
				ENABLE_STRICT_OBJC_MSGSEND = YES;
				ENABLE_USER_SCRIPT_SANDBOXING = YES;
				GCC_C_LANGUAGE_STANDARD = gnu17;
				GCC_NO_COMMON_BLOCKS = YES;
				GCC_WARN_64_TO_32_BIT_CONVERSION = YES;
				GCC_WARN_ABOUT_RETURN_TYPE = YES_ERROR;
				GCC_WARN_UNDECLARED_SELECTOR = YES;
				GCC_WARN_UNINITIALIZED_AUTOS = YES_AGGRESSIVE;
				GCC_WARN_UNUSED_FUNCTION = YES;
				GCC_WARN_UNUSED_VARIABLE = YES;
				IPHONEOS_DEPLOYMENT_TARGET = 17.0;
				LOCALIZATION_PREFERS_STRING_CATALOGS = YES;
				MTL_ENABLE_DEBUG_INFO = NO;
				MTL_FAST_MATH = YES;
				SDKROOT = iphoneos;
				SWIFT_COMPILATION_MODE = wholemodule;
				VALIDATE_PRODUCT = YES;
			};
			name = Release;
		};
		F043EC542B22E71200898F0D /* Debug */ = {
			isa = XCBuildConfiguration;
			buildSettings = {
				ASSETCATALOG_COMPILER_APPICON_NAME = AppIcon;
				ASSETCATALOG_COMPILER_GLOBAL_ACCENT_COLOR_NAME = AccentColor;
				CODE_SIGN_STYLE = Automatic;
				CURRENT_PROJECT_VERSION = 1;
				DEVELOPMENT_ASSET_PATHS = "\"Crypto/Preview Content\"";
				DEVELOPMENT_TEAM = ST4BHPXJQC;
				ENABLE_PREVIEWS = YES;
				GENERATE_INFOPLIST_FILE = YES;
				INFOPLIST_KEY_UIApplicationSceneManifest_Generation = YES;
				INFOPLIST_KEY_UIApplicationSupportsIndirectInputEvents = YES;
				INFOPLIST_KEY_UILaunchScreen_Generation = YES;
				INFOPLIST_KEY_UISupportedInterfaceOrientations_iPad = "UIInterfaceOrientationPortrait UIInterfaceOrientationPortraitUpsideDown UIInterfaceOrientationLandscapeLeft UIInterfaceOrientationLandscapeRight";
				INFOPLIST_KEY_UISupportedInterfaceOrientations_iPhone = "UIInterfaceOrientationPortrait UIInterfaceOrientationLandscapeLeft UIInterfaceOrientationLandscapeRight";
				LD_RUNPATH_SEARCH_PATHS = (
					"$(inherited)",
					"@executable_path/Frameworks",
				);
				MARKETING_VERSION = 1.0;
				PRODUCT_BUNDLE_IDENTIFIER = "-.Crypto";
				PRODUCT_NAME = "$(TARGET_NAME)";
				SWIFT_EMIT_LOC_STRINGS = YES;
				SWIFT_VERSION = 5.0;
				TARGETED_DEVICE_FAMILY = "1,2";
			};
			name = Debug;
		};
		F043EC552B22E71200898F0D /* Release */ = {
			isa = XCBuildConfiguration;
			buildSettings = {
				ASSETCATALOG_COMPILER_APPICON_NAME = AppIcon;
				ASSETCATALOG_COMPILER_GLOBAL_ACCENT_COLOR_NAME = AccentColor;
				CODE_SIGN_STYLE = Automatic;
				CURRENT_PROJECT_VERSION = 1;
				DEVELOPMENT_ASSET_PATHS = "\"Crypto/Preview Content\"";
				DEVELOPMENT_TEAM = ST4BHPXJQC;
				ENABLE_PREVIEWS = YES;
				GENERATE_INFOPLIST_FILE = YES;
				INFOPLIST_KEY_UIApplicationSceneManifest_Generation = YES;
				INFOPLIST_KEY_UIApplicationSupportsIndirectInputEvents = YES;
				INFOPLIST_KEY_UILaunchScreen_Generation = YES;
				INFOPLIST_KEY_UISupportedInterfaceOrientations_iPad = "UIInterfaceOrientationPortrait UIInterfaceOrientationPortraitUpsideDown UIInterfaceOrientationLandscapeLeft UIInterfaceOrientationLandscapeRight";
				INFOPLIST_KEY_UISupportedInterfaceOrientations_iPhone = "UIInterfaceOrientationPortrait UIInterfaceOrientationLandscapeLeft UIInterfaceOrientationLandscapeRight";
				LD_RUNPATH_SEARCH_PATHS = (
					"$(inherited)",
					"@executable_path/Frameworks",
				);
				MARKETING_VERSION = 1.0;
				PRODUCT_BUNDLE_IDENTIFIER = "-.Crypto";
				PRODUCT_NAME = "$(TARGET_NAME)";
				SWIFT_EMIT_LOC_STRINGS = YES;
				SWIFT_VERSION = 5.0;
				TARGETED_DEVICE_FAMILY = "1,2";
			};
			name = Release;
		};
/* End XCBuildConfiguration section */

/* Begin XCConfigurationList section */
		F043EC402B22E71000898F0D /* Build configuration list for PBXProject "Crypto" */ = {
			isa = XCConfigurationList;
			buildConfigurations = (
				F043EC512B22E71200898F0D /* Debug */,
				F043EC522B22E71200898F0D /* Release */,
			);
			defaultConfigurationIsVisible = 0;
			defaultConfigurationName = Release;
		};
		F043EC532B22E71200898F0D /* Build configuration list for PBXNativeTarget "Crypto" */ = {
			isa = XCConfigurationList;
			buildConfigurations = (
				F043EC542B22E71200898F0D /* Debug */,
				F043EC552B22E71200898F0D /* Release */,
			);
			defaultConfigurationIsVisible = 0;
			defaultConfigurationName = Release;
		};
/* End XCConfigurationList section */
	};
	rootObject = F043EC3D2B22E71000898F0D /* Project object */;
}
